
Microsoft Visual Studio Solution File, Format Version 12.00
# Visual Studio 15
VisualStudioVersion = 15.0.34112.143
MinimumVisualStudioVersion = 10.0.40219.1
Project("{FAE04EC0-301F-11D3-BF4B-00C04F79EFBC}") = "AddressBook_quiz2", "AddressBook_quiz2\AddressBook_quiz2.csproj", "{2CE31E57-F51C-4A4C-A800-A1FB905C00B1}"
EndProject
Project("{FAE04EC0-301F-11D3-BF4B-00C04F79EFBC}") = "AddressBook_quiz2.Tests", "AddressBook_quiz2.Tests\AddressBook_quiz2.Tests.csproj", "{10ACA16C-8BD2-431D-90A9-B77CAD113A39}"
EndProject
Project("{FAE04EC0-301F-11D3-BF4B-00C04F79EFBC}") = "AddressBookDB", "AddressBookDB\AddressBookDB.csproj", "{9EB9F079-F651-4F64-B771-6CBA641A559A}"
EndProject
Global
	GlobalSection(SolutionConfigurationPlatforms) = preSolution
		Debug|Any CPU = Debug|Any CPU
		Release|Any CPU = Release|Any CPU
	EndGlobalSection
	GlobalSection(ProjectConfigurationPlatforms) = postSolution
		{2CE31E57-F51C-4A4C-A800-A1FB905C00B1}.Debug|Any CPU.ActiveCfg = Debug|Any CPU
		{2CE31E57-F51C-4A4C-A800-A1FB905C00B1}.Debug|Any CPU.Build.0 = Debug|Any CPU
		{2CE31E57-F51C-4A4C-A800-A1FB905C00B1}.Release|Any CPU.ActiveCfg = Release|Any CPU
		{2CE31E57-F51C-4A4C-A800-A1FB905C00B1}.Release|Any CPU.Build.0 = Release|Any CPU
		{10ACA16C-8BD2-431D-90A9-B77CAD113A39}.Debug|Any CPU.ActiveCfg = Debug|Any CPU
		{10ACA16C-8BD2-431D-90A9-B77CAD113A39}.Debug|Any CPU.Build.0 = Debug|Any CPU
		{10ACA16C-8BD2-431D-90A9-B77CAD113A39}.Release|Any CPU.ActiveCfg = Release|Any CPU
		{10ACA16C-8BD2-431D-90A9-B77CAD113A39}.Release|Any CPU.Build.0 = Release|Any CPU
		{9EB9F079-F651-4F64-B771-6CBA641A559A}.Debug|Any CPU.ActiveCfg = Debug|Any CPU
		{9EB9F079-F651-4F64-B771-6CBA641A559A}.Debug|Any CPU.Build.0 = Debug|Any CPU
		{9EB9F079-F651-4F64-B771-6CBA641A559A}.Release|Any CPU.ActiveCfg = Release|Any CPU
		{9EB9F079-F651-4F64-B771-6CBA641A559A}.Release|Any CPU.Build.0 = Release|Any CPU
	EndGlobalSection
	GlobalSection(SolutionProperties) = preSolution
		HideSolutionNode = FALSE
	EndGlobalSection
	GlobalSection(ExtensibilityGlobals) = postSolution
		SolutionGuid = {596CEF80-80BF-4EE6-8F5E-1A0839FDC639}
	EndGlobalSection
EndGlobal
